
Microsoft Visual Studio Solution File, Format Version 12.00
# Visual Studio Version 17
VisualStudioVersion = 17.13.35931.197 d17.13
MinimumVisualStudioVersion = 10.0.40219.1
Project("{FAE04EC0-301F-11D3-BF4B-00C04F79EFBC}") = "ConsoleApp1", "ConsoleApp1\ConsoleApp1.csproj", "{7CB9AD49-EED2-4E0A-83DC-CD069947ABC6}"
EndProject
Global
	GlobalSection(SolutionConfigurationPlatforms) = preSolution
		Debug|Any CPU = Debug|Any CPU
		Release|Any CPU = Release|Any CPU
	EndGlobalSection
	GlobalSection(ProjectConfigurationPlatforms) = postSolution
		{7CB9AD49-EED2-4E0A-83DC-CD069947ABC6}.Debug|Any CPU.ActiveCfg = Debug|Any CPU
		{7CB9AD49-EED2-4E0A-83DC-CD069947ABC6}.Debug|Any CPU.Build.0 = Debug|Any CPU
		{7CB9AD49-EED2-4E0A-83DC-CD069947ABC6}.Release|Any CPU.ActiveCfg = Release|Any CPU
		{7CB9AD49-EED2-4E0A-83DC-CD069947ABC6}.Release|Any CPU.Build.0 = Release|Any CPU
	EndGlobalSection
	GlobalSection(SolutionProperties) = preSolution
		HideSolutionNode = FALSE
	EndGlobalSection
	GlobalSection(ExtensibilityGlobals) = postSolution
		SolutionGuid = {EC9AB506-130B-4C91-A71E-2662157F4979}
	EndGlobalSection
EndGlobal
